
Microsoft Visual Studio Solution File, Format Version 12.00
# Visual Studio Version 16
VisualStudioVersion = 16.0.30225.117
MinimumVisualStudioVersion = 10.0.40219.1
Project("{FAE04EC0-301F-11D3-BF4B-00C04F79EFBC}") = "AutoUpdater", "AutoUpdater\AutoUpdater.csproj", "{56C5D62D-7243-4BA8-98E7-7B88D336BE6C}"
EndProject
Global
	GlobalSection(SolutionConfigurationPlatforms) = preSolution
		Debug|Any CPU = Debug|Any CPU
		Release|Any CPU = Release|Any CPU
	EndGlobalSection
	GlobalSection(ProjectConfigurationPlatforms) = postSolution
		{56C5D62D-7243-4BA8-98E7-7B88D336BE6C}.Debug|Any CPU.ActiveCfg = Debug|Any CPU
		{56C5D62D-7243-4BA8-98E7-7B88D336BE6C}.Debug|Any CPU.Build.0 = Debug|Any CPU
		{56C5D62D-7243-4BA8-98E7-7B88D336BE6C}.Release|Any CPU.ActiveCfg = Release|Any CPU
		{56C5D62D-7243-4BA8-98E7-7B88D336BE6C}.Release|Any CPU.Build.0 = Release|Any CPU
	EndGlobalSection
	GlobalSection(SolutionProperties) = preSolution
		HideSolutionNode = FALSE
	EndGlobalSection
	GlobalSection(ExtensibilityGlobals) = postSolution
		SolutionGuid = {AAAA6F61-60B1-4110-B013-9BBFFCAB2302}
	EndGlobalSection
EndGlobal
